
Microsoft Visual Studio Solution File, Format Version 12.00
# Visual Studio Version 17
VisualStudioVersion = 17.5.33627.172
MinimumVisualStudioVersion = 10.0.40219.1
Project("{8BC9CEB8-8B4A-11D0-8D11-00A0C91BC942}") = "exercise2-1", "exercise2-1\exercise2-1.vcxproj", "{883A5DCC-12AD-4247-B450-3194AF879692}"
EndProject
Project("{8BC9CEB8-8B4A-11D0-8D11-00A0C91BC942}") = "exercise3-1", "exercise3-1\exercise3-1.vcxproj", "{49A16451-2E81-43CB-91C2-CD7887604AD6}"
EndProject
Project("{8BC9CEB8-8B4A-11D0-8D11-00A0C91BC942}") = "exercise4-1", "exercise4-1\exercise4-1.vcxproj", "{EB8CE78F-0CA0-4705-A115-4DE9FF82F4A0}"
EndProject
Project("{8BC9CEB8-8B4A-11D0-8D11-00A0C91BC942}") = "exercise4-2", "exercise4-2\exercise4-2.vcxproj", "{1CE2F461-0AD5-4C3C-8274-5A15C3E6564D}"
EndProject
Project("{8BC9CEB8-8B4A-11D0-8D11-00A0C91BC942}") = "exercise4-3", "exercise4-3\exercise4-3.vcxproj", "{A363B25B-64DB-467B-B1BD-726D693790AA}"
EndProject
Project("{8BC9CEB8-8B4A-11D0-8D11-00A0C91BC942}") = "exercise4-4", "exercise4-4\exercise4-4.vcxproj", "{6F4D54D4-C71C-4826-A3EF-6386C0668258}"
EndProject
Project("{8BC9CEB8-8B4A-11D0-8D11-00A0C91BC942}") = "exercise4-5", "exercise4-5\exercise4-5.vcxproj", "{795A10E8-0981-4BF2-9032-F0EC768C66CB}"
EndProject
Project("{8BC9CEB8-8B4A-11D0-8D11-00A0C91BC942}") = "exercise4-6", "exercise4-6\exercise4-6.vcxproj", "{B73EC29C-9ABC-4369-8E1B-CE3A1B3C8E0C}"
EndProject
Project("{8BC9CEB8-8B4A-11D0-8D11-00A0C91BC942}") = "exercise4-7", "exercise4-7\exercise4-7.vcxproj", "{4707D862-3D1A-4075-97BC-D549F904C2AF}"
EndProject
Project("{8BC9CEB8-8B4A-11D0-8D11-00A0C91BC942}") = "exercise4-8", "exercise4-8\exercise4-8.vcxproj", "{19AFD164-0497-4B5A-988D-6AC11346357A}"
EndProject
Project("{8BC9CEB8-8B4A-11D0-8D11-00A0C91BC942}") = "exercise4-9", "exercise4-9\exercise4-9.vcxproj", "{D071E999-9073-455F-86E3-27EB5FC6265A}"
EndProject
Project("{8BC9CEB8-8B4A-11D0-8D11-00A0C91BC942}") = "exercise5-1", "exercise5-1\exercise5-1.vcxproj", "{114BD3AD-84A1-4A58-AFEF-F5408CA4BD3D}"
EndProject
Project("{8BC9CEB8-8B4A-11D0-8D11-00A0C91BC942}") = "exercise5-2", "exercise5-2\exercise5-2.vcxproj", "{F6B51625-1AD3-4DF4-84BC-3635C351FC5E}"
EndProject
Project("{8BC9CEB8-8B4A-11D0-8D11-00A0C91BC942}") = "exercise5-3", "exercise5-3\exercise5-3.vcxproj", "{D80899DC-6E4A-4BD7-94B2-26124EB3DAAE}"
EndProject
Project("{8BC9CEB8-8B4A-11D0-8D11-00A0C91BC942}") = "exercise5-4", "exercise5-4\exercise5-4.vcxproj", "{0CDAD211-9C5D-4281-8DCA-2D8FF8481753}"
EndProject
Project("{8BC9CEB8-8B4A-11D0-8D11-00A0C91BC942}") = "exercise5-5", "exercise5-5\exercise5-5.vcxproj", "{8207E092-0257-45A2-ACEC-AFAEF858A33E}"
EndProject
Project("{8BC9CEB8-8B4A-11D0-8D11-00A0C91BC942}") = "exercise5-6", "exercise5-6\exercise5-6.vcxproj", "{ADD7DD35-F085-4CDD-AF22-288EC5ECB15C}"
EndProject
Project("{8BC9CEB8-8B4A-11D0-8D11-00A0C91BC942}") = "exercise5-7", "exercise5-7\exercise5-7.vcxproj", "{48795EFD-6DF2-408D-B90A-7339A2717FEA}"
EndProject
Project("{8BC9CEB8-8B4A-11D0-8D11-00A0C91BC942}") = "exercise5-8", "exercise5-8\exercise5-8.vcxproj", "{A85B69BE-F27C-42FB-B6A1-0C6120C89A2B}"
EndProject
Project("{8BC9CEB8-8B4A-11D0-8D11-00A0C91BC942}") = "exercise5-9", "exercise5-9\exercise5-9.vcxproj", "{056A260D-633D-45E0-A42D-6228C2212148}"
EndProject
Project("{8BC9CEB8-8B4A-11D0-8D11-00A0C91BC942}") = "exercise6-1", "exercise6-1\exercise6-1.vcxproj", "{4BB74020-7E3E-469E-B758-493556EFCDC9}"
EndProject
Project("{8BC9CEB8-8B4A-11D0-8D11-00A0C91BC942}") = "exercise6-2", "exercise6-2\exercise6-2.vcxproj", "{FEADC7BD-F8EF-46A3-9459-D097252BC1E4}"
EndProject
Project("{8BC9CEB8-8B4A-11D0-8D11-00A0C91BC942}") = "exercise6-3", "exercise6-3\exercise6-3.vcxproj", "{29B87420-307D-4F13-A8AF-2D003648939D}"
EndProject
Project("{8BC9CEB8-8B4A-11D0-8D11-00A0C91BC942}") = "exercise6-4", "exercise6-4\exercise6-4.vcxproj", "{4DF90656-B696-4C3B-8FE4-147D3F962BB5}"
EndProject
Global
	GlobalSection(SolutionConfigurationPlatforms) = preSolution
		Debug|x64 = Debug|x64
		Debug|x86 = Debug|x86
		Release|x64 = Release|x64
		Release|x86 = Release|x86
	EndGlobalSection
	GlobalSection(ProjectConfigurationPlatforms) = postSolution
		{883A5DCC-12AD-4247-B450-3194AF879692}.Debug|x64.ActiveCfg = Debug|x64
		{883A5DCC-12AD-4247-B450-3194AF879692}.Debug|x64.Build.0 = Debug|x64
		{883A5DCC-12AD-4247-B450-3194AF879692}.Debug|x86.ActiveCfg = Debug|Win32
		{883A5DCC-12AD-4247-B450-3194AF879692}.Debug|x86.Build.0 = Debug|Win32
		{883A5DCC-12AD-4247-B450-3194AF879692}.Release|x64.ActiveCfg = Release|x64
		{883A5DCC-12AD-4247-B450-3194AF879692}.Release|x64.Build.0 = Release|x64
		{883A5DCC-12AD-4247-B450-3194AF879692}.Release|x86.ActiveCfg = Release|Win32
		{883A5DCC-12AD-4247-B450-3194AF879692}.Release|x86.Build.0 = Release|Win32
		{49A16451-2E81-43CB-91C2-CD7887604AD6}.Debug|x64.ActiveCfg = Debug|x64
		{49A16451-2E81-43CB-91C2-CD7887604AD6}.Debug|x64.Build.0 = Debug|x64
		{49A16451-2E81-43CB-91C2-CD7887604AD6}.Debug|x86.ActiveCfg = Debug|Win32
		{49A16451-2E81-43CB-91C2-CD7887604AD6}.Debug|x86.Build.0 = Debug|Win32
		{49A16451-2E81-43CB-91C2-CD7887604AD6}.Release|x64.ActiveCfg = Release|x64
		{49A16451-2E81-43CB-91C2-CD7887604AD6}.Release|x64.Build.0 = Release|x64
		{49A16451-2E81-43CB-91C2-CD7887604AD6}.Release|x86.ActiveCfg = Release|Win32
		{49A16451-2E81-43CB-91C2-CD7887604AD6}.Release|x86.Build.0 = Release|Win32
		{EB8CE78F-0CA0-4705-A115-4DE9FF82F4A0}.Debug|x64.ActiveCfg = Debug|x64
		{EB8CE78F-0CA0-4705-A115-4DE9FF82F4A0}.Debug|x64.Build.0 = Debug|x64
		{EB8CE78F-0CA0-4705-A115-4DE9FF82F4A0}.Debug|x86.ActiveCfg = Debug|Win32
		{EB8CE78F-0CA0-4705-A115-4DE9FF82F4A0}.Debug|x86.Build.0 = Debug|Win32
		{EB8CE78F-0CA0-4705-A115-4DE9FF82F4A0}.Release|x64.ActiveCfg = Release|x64
		{EB8CE78F-0CA0-4705-A115-4DE9FF82F4A0}.Release|x64.Build.0 = Release|x64
		{EB8CE78F-0CA0-4705-A115-4DE9FF82F4A0}.Release|x86.ActiveCfg = Release|Win32
		{EB8CE78F-0CA0-4705-A115-4DE9FF82F4A0}.Release|x86.Build.0 = Release|Win32
		{1CE2F461-0AD5-4C3C-8274-5A15C3E6564D}.Debug|x64.ActiveCfg = Debug|x64
		{1CE2F461-0AD5-4C3C-8274-5A15C3E6564D}.Debug|x64.Build.0 = Debug|x64
		{1CE2F461-0AD5-4C3C-8274-5A15C3E6564D}.Debug|x86.ActiveCfg = Debug|Win32
		{1CE2F461-0AD5-4C3C-8274-5A15C3E6564D}.Debug|x86.Build.0 = Debug|Win32
		{1CE2F461-0AD5-4C3C-8274-5A15C3E6564D}.Release|x64.ActiveCfg = Release|x64
		{1CE2F461-0AD5-4C3C-8274-5A15C3E6564D}.Release|x64.Build.0 = Release|x64
		{1CE2F461-0AD5-4C3C-8274-5A15C3E6564D}.Release|x86.ActiveCfg = Release|Win32
		{1CE2F461-0AD5-4C3C-8274-5A15C3E6564D}.Release|x86.Build.0 = Release|Win32
		{A363B25B-64DB-467B-B1BD-726D693790AA}.Debug|x64.ActiveCfg = Debug|x64
		{A363B25B-64DB-467B-B1BD-726D693790AA}.Debug|x64.Build.0 = Debug|x64
		{A363B25B-64DB-467B-B1BD-726D693790AA}.Debug|x86.ActiveCfg = Debug|Win32
		{A363B25B-64DB-467B-B1BD-726D693790AA}.Debug|x86.Build.0 = Debug|Win32
		{A363B25B-64DB-467B-B1BD-726D693790AA}.Release|x64.ActiveCfg = Release|x64
		{A363B25B-64DB-467B-B1BD-726D693790AA}.Release|x64.Build.0 = Release|x64
		{A363B25B-64DB-467B-B1BD-726D693790AA}.Release|x86.ActiveCfg = Release|Win32
		{A363B25B-64DB-467B-B1BD-726D693790AA}.Release|x86.Build.0 = Release|Win32
		{6F4D54D4-C71C-4826-A3EF-6386C0668258}.Debug|x64.ActiveCfg = Debug|x64
		{6F4D54D4-C71C-4826-A3EF-6386C0668258}.Debug|x64.Build.0 = Debug|x64
		{6F4D54D4-C71C-4826-A3EF-6386C0668258}.Debug|x86.ActiveCfg = Debug|Win32
		{6F4D54D4-C71C-4826-A3EF-6386C0668258}.Debug|x86.Build.0 = Debug|Win32
		{6F4D54D4-C71C-4826-A3EF-6386C0668258}.Release|x64.ActiveCfg = Release|x64
		{6F4D54D4-C71C-4826-A3EF-6386C0668258}.Release|x64.Build.0 = Release|x64
		{6F4D54D4-C71C-4826-A3EF-6386C0668258}.Release|x86.ActiveCfg = Release|Win32
		{6F4D54D4-C71C-4826-A3EF-6386C0668258}.Release|x86.Build.0 = Release|Win32
		{795A10E8-0981-4BF2-9032-F0EC768C66CB}.Debug|x64.ActiveCfg = Debug|x64
		{795A10E8-0981-4BF2-9032-F0EC768C66CB}.Debug|x64.Build.0 = Debug|x64
		{795A10E8-0981-4BF2-9032-F0EC768C66CB}.Debug|x86.ActiveCfg = Debug|Win32
		{795A10E8-0981-4BF2-9032-F0EC768C66CB}.Debug|x86.Build.0 = Debug|Win32
		{795A10E8-0981-4BF2-9032-F0EC768C66CB}.Release|x64.ActiveCfg = Release|x64
		{795A10E8-0981-4BF2-9032-F0EC768C66CB}.Release|x64.Build.0 = Release|x64
		{795A10E8-0981-4BF2-9032-F0EC768C66CB}.Release|x86.ActiveCfg = Release|Win32
		{795A10E8-0981-4BF2-9032-F0EC768C66CB}.Release|x86.Build.0 = Release|Win32
		{B73EC29C-9ABC-4369-8E1B-CE3A1B3C8E0C}.Debug|x64.ActiveCfg = Debug|x64
		{B73EC29C-9ABC-4369-8E1B-CE3A1B3C8E0C}.Debug|x64.Build.0 = Debug|x64
		{B73EC29C-9ABC-4369-8E1B-CE3A1B3C8E0C}.Debug|x86.ActiveCfg = Debug|Win32
		{B73EC29C-9ABC-4369-8E1B-CE3A1B3C8E0C}.Debug|x86.Build.0 = Debug|Win32
		{B73EC29C-9ABC-4369-8E1B-CE3A1B3C8E0C}.Release|x64.ActiveCfg = Release|x64
		{B73EC29C-9ABC-4369-8E1B-CE3A1B3C8E0C}.Release|x64.Build.0 = Release|x64
		{B73EC29C-9ABC-4369-8E1B-CE3A1B3C8E0C}.Release|x86.ActiveCfg = Release|Win32
		{B73EC29C-9ABC-4369-8E1B-CE3A1B3C8E0C}.Release|x86.Build.0 = Release|Win32
		{4707D862-3D1A-4075-97BC-D549F904C2AF}.Debug|x64.ActiveCfg = Debug|x64
		{4707D862-3D1A-4075-97BC-D549F904C2AF}.Debug|x64.Build.0 = Debug|x64
		{4707D862-3D1A-4075-97BC-D549F904C2AF}.Debug|x86.ActiveCfg = Debug|Win32
		{4707D862-3D1A-4075-97BC-D549F904C2AF}.Debug|x86.Build.0 = Debug|Win32
		{4707D862-3D1A-4075-97BC-D549F904C2AF}.Release|x64.ActiveCfg = Release|x64
		{4707D862-3D1A-4075-97BC-D549F904C2AF}.Release|x64.Build.0 = Release|x64
		{4707D862-3D1A-4075-97BC-D549F904C2AF}.Release|x86.ActiveCfg = Release|Win32
		{4707D862-3D1A-4075-97BC-D549F904C2AF}.Release|x86.Build.0 = Release|Win32
		{19AFD164-0497-4B5A-988D-6AC11346357A}.Debug|x64.ActiveCfg = Debug|x64
		{19AFD164-0497-4B5A-988D-6AC11346357A}.Debug|x64.Build.0 = Debug|x64
		{19AFD164-0497-4B5A-988D-6AC11346357A}.Debug|x86.ActiveCfg = Debug|Win32
		{19AFD164-0497-4B5A-988D-6AC11346357A}.Debug|x86.Build.0 = Debug|Win32
		{19AFD164-0497-4B5A-988D-6AC11346357A}.Release|x64.ActiveCfg = Release|x64
		{19AFD164-0497-4B5A-988D-6AC11346357A}.Release|x64.Build.0 = Release|x64
		{19AFD164-0497-4B5A-988D-6AC11346357A}.Release|x86.ActiveCfg = Release|Win32
		{19AFD164-0497-4B5A-988D-6AC11346357A}.Release|x86.Build.0 = Release|Win32
		{D071E999-9073-455F-86E3-27EB5FC6265A}.Debug|x64.ActiveCfg = Debug|x64
		{D071E999-9073-455F-86E3-27EB5FC6265A}.Debug|x64.Build.0 = Debug|x64
		{D071E999-9073-455F-86E3-27EB5FC6265A}.Debug|x86.ActiveCfg = Debug|Win32
		{D071E999-9073-455F-86E3-27EB5FC6265A}.Debug|x86.Build.0 = Debug|Win32
		{D071E999-9073-455F-86E3-27EB5FC6265A}.Release|x64.ActiveCfg = Release|x64
		{D071E999-9073-455F-86E3-27EB5FC6265A}.Release|x64.Build.0 = Release|x64
		{D071E999-9073-455F-86E3-27EB5FC6265A}.Release|x86.ActiveCfg = Release|Win32
		{D071E999-9073-455F-86E3-27EB5FC6265A}.Release|x86.Build.0 = Release|Win32
		{114BD3AD-84A1-4A58-AFEF-F5408CA4BD3D}.Debug|x64.ActiveCfg = Debug|x64
		{114BD3AD-84A1-4A58-AFEF-F5408CA4BD3D}.Debug|x64.Build.0 = Debug|x64
		{114BD3AD-84A1-4A58-AFEF-F5408CA4BD3D}.Debug|x86.ActiveCfg = Debug|Win32
		{114BD3AD-84A1-4A58-AFEF-F5408CA4BD3D}.Debug|x86.Build.0 = Debug|Win32
		{114BD3AD-84A1-4A58-AFEF-F5408CA4BD3D}.Release|x64.ActiveCfg = Release|x64
		{114BD3AD-84A1-4A58-AFEF-F5408CA4BD3D}.Release|x64.Build.0 = Release|x64
		{114BD3AD-84A1-4A58-AFEF-F5408CA4BD3D}.Release|x86.ActiveCfg = Release|Win32
		{114BD3AD-84A1-4A58-AFEF-F5408CA4BD3D}.Release|x86.Build.0 = Release|Win32
		{F6B51625-1AD3-4DF4-84BC-3635C351FC5E}.Debug|x64.ActiveCfg = Debug|x64
		{F6B51625-1AD3-4DF4-84BC-3635C351FC5E}.Debug|x64.Build.0 = Debug|x64
		{F6B51625-1AD3-4DF4-84BC-3635C351FC5E}.Debug|x86.ActiveCfg = Debug|Win32
		{F6B51625-1AD3-4DF4-84BC-3635C351FC5E}.Debug|x86.Build.0 = Debug|Win32
		{F6B51625-1AD3-4DF4-84BC-3635C351FC5E}.Release|x64.ActiveCfg = Release|x64
		{F6B51625-1AD3-4DF4-84BC-3635C351FC5E}.Release|x64.Build.0 = Release|x64
		{F6B51625-1AD3-4DF4-84BC-3635C351FC5E}.Release|x86.ActiveCfg = Release|Win32
		{F6B51625-1AD3-4DF4-84BC-3635C351FC5E}.Release|x86.Build.0 = Release|Win32
		{D80899DC-6E4A-4BD7-94B2-26124EB3DAAE}.Debug|x64.ActiveCfg = Debug|x64
		{D80899DC-6E4A-4BD7-94B2-26124EB3DAAE}.Debug|x64.Build.0 = Debug|x64
		{D80899DC-6E4A-4BD7-94B2-26124EB3DAAE}.Debug|x86.ActiveCfg = Debug|Win32
		{D80899DC-6E4A-4BD7-94B2-26124EB3DAAE}.Debug|x86.Build.0 = Debug|Win32
		{D80899DC-6E4A-4BD7-94B2-26124EB3DAAE}.Release|x64.ActiveCfg = Release|x64
		{D80899DC-6E4A-4BD7-94B2-26124EB3DAAE}.Release|x64.Build.0 = Release|x64
		{D80899DC-6E4A-4BD7-94B2-26124EB3DAAE}.Release|x86.ActiveCfg = Release|Win32
		{D80899DC-6E4A-4BD7-94B2-26124EB3DAAE}.Release|x86.Build.0 = Release|Win32
		{0CDAD211-9C5D-4281-8DCA-2D8FF8481753}.Debug|x64.ActiveCfg = Debug|x64
		{0CDAD211-9C5D-4281-8DCA-2D8FF8481753}.Debug|x64.Build.0 = Debug|x64
		{0CDAD211-9C5D-4281-8DCA-2D8FF8481753}.Debug|x86.ActiveCfg = Debug|Win32
		{0CDAD211-9C5D-4281-8DCA-2D8FF8481753}.Debug|x86.Build.0 = Debug|Win32
		{0CDAD211-9C5D-4281-8DCA-2D8FF8481753}.Release|x64.ActiveCfg = Release|x64
		{0CDAD211-9C5D-4281-8DCA-2D8FF8481753}.Release|x64.Build.0 = Release|x64
		{0CDAD211-9C5D-4281-8DCA-2D8FF8481753}.Release|x86.ActiveCfg = Release|Win32
		{0CDAD211-9C5D-4281-8DCA-2D8FF8481753}.Release|x86.Build.0 = Release|Win32
		{8207E092-0257-45A2-ACEC-AFAEF858A33E}.Debug|x64.ActiveCfg = Debug|x64
		{8207E092-0257-45A2-ACEC-AFAEF858A33E}.Debug|x64.Build.0 = Debug|x64
		{8207E092-0257-45A2-ACEC-AFAEF858A33E}.Debug|x86.ActiveCfg = Debug|Win32
		{8207E092-0257-45A2-ACEC-AFAEF858A33E}.Debug|x86.Build.0 = Debug|Win32
		{8207E092-0257-45A2-ACEC-AFAEF858A33E}.Release|x64.ActiveCfg = Release|x64
		{8207E092-0257-45A2-ACEC-AFAEF858A33E}.Release|x64.Build.0 = Release|x64
		{8207E092-0257-45A2-ACEC-AFAEF858A33E}.Release|x86.ActiveCfg = Release|Win32
		{8207E092-0257-45A2-ACEC-AFAEF858A33E}.Release|x86.Build.0 = Release|Win32
		{ADD7DD35-F085-4CDD-AF22-288EC5ECB15C}.Debug|x64.ActiveCfg = Debug|x64
		{ADD7DD35-F085-4CDD-AF22-288EC5ECB15C}.Debug|x64.Build.0 = Debug|x64
		{ADD7DD35-F085-4CDD-AF22-288EC5ECB15C}.Debug|x86.ActiveCfg = Debug|Win32
		{ADD7DD35-F085-4CDD-AF22-288EC5ECB15C}.Debug|x86.Build.0 = Debug|Win32
		{ADD7DD35-F085-4CDD-AF22-288EC5ECB15C}.Release|x64.ActiveCfg = Release|x64
		{ADD7DD35-F085-4CDD-AF22-288EC5ECB15C}.Release|x64.Build.0 = Release|x64
		{ADD7DD35-F085-4CDD-AF22-288EC5ECB15C}.Release|x86.ActiveCfg = Release|Win32
		{ADD7DD35-F085-4CDD-AF22-288EC5ECB15C}.Release|x86.Build.0 = Release|Win32
		{48795EFD-6DF2-408D-B90A-7339A2717FEA}.Debug|x64.ActiveCfg = Debug|x64
		{48795EFD-6DF2-408D-B90A-7339A2717FEA}.Debug|x64.Build.0 = Debug|x64
		{48795EFD-6DF2-408D-B90A-7339A2717FEA}.Debug|x86.ActiveCfg = Debug|Win32
		{48795EFD-6DF2-408D-B90A-7339A2717FEA}.Debug|x86.Build.0 = Debug|Win32
		{48795EFD-6DF2-408D-B90A-7339A2717FEA}.Release|x64.ActiveCfg = Release|x64
		{48795EFD-6DF2-408D-B90A-7339A2717FEA}.Release|x64.Build.0 = Release|x64
		{48795EFD-6DF2-408D-B90A-7339A2717FEA}.Release|x86.ActiveCfg = Release|Win32
		{48795EFD-6DF2-408D-B90A-7339A2717FEA}.Release|x86.Build.0 = Release|Win32
		{A85B69BE-F27C-42FB-B6A1-0C6120C89A2B}.Debug|x64.ActiveCfg = Debug|x64
		{A85B69BE-F27C-42FB-B6A1-0C6120C89A2B}.Debug|x64.Build.0 = Debug|x64
		{A85B69BE-F27C-42FB-B6A1-0C6120C89A2B}.Debug|x86.ActiveCfg = Debug|Win32
		{A85B69BE-F27C-42FB-B6A1-0C6120C89A2B}.Debug|x86.Build.0 = Debug|Win32
		{A85B69BE-F27C-42FB-B6A1-0C6120C89A2B}.Release|x64.ActiveCfg = Release|x64
		{A85B69BE-F27C-42FB-B6A1-0C6120C89A2B}.Release|x64.Build.0 = Release|x64
		{A85B69BE-F27C-42FB-B6A1-0C6120C89A2B}.Release|x86.ActiveCfg = Release|Win32
		{A85B69BE-F27C-42FB-B6A1-0C6120C89A2B}.Release|x86.Build.0 = Release|Win32
		{056A260D-633D-45E0-A42D-6228C2212148}.Debug|x64.ActiveCfg = Debug|x64
		{056A260D-633D-45E0-A42D-6228C2212148}.Debug|x64.Build.0 = Debug|x64
		{056A260D-633D-45E0-A42D-6228C2212148}.Debug|x86.ActiveCfg = Debug|Win32
		{056A260D-633D-45E0-A42D-6228C2212148}.Debug|x86.Build.0 = Debug|Win32
		{056A260D-633D-45E0-A42D-6228C2212148}.Release|x64.ActiveCfg = Release|x64
		{056A260D-633D-45E0-A42D-6228C2212148}.Release|x64.Build.0 = Release|x64
		{056A260D-633D-45E0-A42D-6228C2212148}.Release|x86.ActiveCfg = Release|Win32
		{056A260D-633D-45E0-A42D-6228C2212148}.Release|x86.Build.0 = Release|Win32
		{4BB74020-7E3E-469E-B758-493556EFCDC9}.Debug|x64.ActiveCfg = Debug|x64
		{4BB74020-7E3E-469E-B758-493556EFCDC9}.Debug|x64.Build.0 = Debug|x64
		{4BB74020-7E3E-469E-B758-493556EFCDC9}.Debug|x86.ActiveCfg = Debug|Win32
		{4BB74020-7E3E-469E-B758-493556EFCDC9}.Debug|x86.Build.0 = Debug|Win32
		{4BB74020-7E3E-469E-B758-493556EFCDC9}.Release|x64.ActiveCfg = Release|x64
		{4BB74020-7E3E-469E-B758-493556EFCDC9}.Release|x64.Build.0 = Release|x64
		{4BB74020-7E3E-469E-B758-493556EFCDC9}.Release|x86.ActiveCfg = Release|Win32
		{4BB74020-7E3E-469E-B758-493556EFCDC9}.Release|x86.Build.0 = Release|Win32
		{FEADC7BD-F8EF-46A3-9459-D097252BC1E4}.Debug|x64.ActiveCfg = Debug|x64
		{FEADC7BD-F8EF-46A3-9459-D097252BC1E4}.Debug|x64.Build.0 = Debug|x64
		{FEADC7BD-F8EF-46A3-9459-D097252BC1E4}.Debug|x86.ActiveCfg = Debug|Win32
		{FEADC7BD-F8EF-46A3-9459-D097252BC1E4}.Debug|x86.Build.0 = Debug|Win32
		{FEADC7BD-F8EF-46A3-9459-D097252BC1E4}.Release|x64.ActiveCfg = Release|x64
		{FEADC7BD-F8EF-46A3-9459-D097252BC1E4}.Release|x64.Build.0 = Release|x64
		{FEADC7BD-F8EF-46A3-9459-D097252BC1E4}.Release|x86.ActiveCfg = Release|Win32
		{FEADC7BD-F8EF-46A3-9459-D097252BC1E4}.Release|x86.Build.0 = Release|Win32
		{29B87420-307D-4F13-A8AF-2D003648939D}.Debug|x64.ActiveCfg = Debug|x64
		{29B87420-307D-4F13-A8AF-2D003648939D}.Debug|x64.Build.0 = Debug|x64
		{29B87420-307D-4F13-A8AF-2D003648939D}.Debug|x86.ActiveCfg = Debug|Win32
		{29B87420-307D-4F13-A8AF-2D003648939D}.Debug|x86.Build.0 = Debug|Win32
		{29B87420-307D-4F13-A8AF-2D003648939D}.Release|x64.ActiveCfg = Release|x64
		{29B87420-307D-4F13-A8AF-2D003648939D}.Release|x64.Build.0 = Release|x64
		{29B87420-307D-4F13-A8AF-2D003648939D}.Release|x86.ActiveCfg = Release|Win32
		{29B87420-307D-4F13-A8AF-2D003648939D}.Release|x86.Build.0 = Release|Win32
		{4DF90656-B696-4C3B-8FE4-147D3F962BB5}.Debug|x64.ActiveCfg = Debug|x64
		{4DF90656-B696-4C3B-8FE4-147D3F962BB5}.Debug|x64.Build.0 = Debug|x64
		{4DF90656-B696-4C3B-8FE4-147D3F962BB5}.Debug|x86.ActiveCfg = Debug|Win32
		{4DF90656-B696-4C3B-8FE4-147D3F962BB5}.Debug|x86.Build.0 = Debug|Win32
		{4DF90656-B696-4C3B-8FE4-147D3F962BB5}.Release|x64.ActiveCfg = Release|x64
		{4DF90656-B696-4C3B-8FE4-147D3F962BB5}.Release|x64.Build.0 = Release|x64
		{4DF90656-B696-4C3B-8FE4-147D3F962BB5}.Release|x86.ActiveCfg = Release|Win32
		{4DF90656-B696-4C3B-8FE4-147D3F962BB5}.Release|x86.Build.0 = Release|Win32
	EndGlobalSection
	GlobalSection(SolutionProperties) = preSolution
		HideSolutionNode = FALSE
	EndGlobalSection
	GlobalSection(ExtensibilityGlobals) = postSolution
		SolutionGuid = {DCE7395E-27F5-4756-9A79-5BF5AA221BAB}
	EndGlobalSection
EndGlobal
