
Microsoft Visual Studio Solution File, Format Version 12.00
# Visual Studio Version 17
VisualStudioVersion = 17.5.33627.172
MinimumVisualStudioVersion = 10.0.40219.1
Project("{8BC9CEB8-8B4A-11D0-8D11-00A0C91BC942}") = "exercise2-1", "exercise2-1\exercise2-1.vcxproj", "{883A5DCC-12AD-4247-B450-3194AF879692}"
EndProject
Project("{8BC9CEB8-8B4A-11D0-8D11-00A0C91BC942}") = "exercise3-1", "exercise3-1\exercise3-1.vcxproj", "{49A16451-2E81-43CB-91C2-CD7887604AD6}"
EndProject
Project("{8BC9CEB8-8B4A-11D0-8D11-00A0C91BC942}") = "exercise4-1", "exercise4-1\exercise4-1.vcxproj", "{EB8CE78F-0CA0-4705-A115-4DE9FF82F4A0}"
EndProject
Project("{8BC9CEB8-8B4A-11D0-8D11-00A0C91BC942}") = "exercise4-2", "exercise4-2\exercise4-2.vcxproj", "{1CE2F461-0AD5-4C3C-8274-5A15C3E6564D}"
EndProject
Project("{8BC9CEB8-8B4A-11D0-8D11-00A0C91BC942}") = "exercise4-3", "exercise4-3\exercise4-3.vcxproj", "{A363B25B-64DB-467B-B1BD-726D693790AA}"
EndProject
Project("{8BC9CEB8-8B4A-11D0-8D11-00A0C91BC942}") = "exercise4-4", "exercise4-4\exercise4-4.vcxproj", "{6F4D54D4-C71C-4826-A3EF-6386C0668258}"
EndProject
Global
	GlobalSection(SolutionConfigurationPlatforms) = preSolution
		Debug|x64 = Debug|x64
		Debug|x86 = Debug|x86
		Release|x64 = Release|x64
		Release|x86 = Release|x86
	EndGlobalSection
	GlobalSection(ProjectConfigurationPlatforms) = postSolution
		{883A5DCC-12AD-4247-B450-3194AF879692}.Debug|x64.ActiveCfg = Debug|x64
		{883A5DCC-12AD-4247-B450-3194AF879692}.Debug|x64.Build.0 = Debug|x64
		{883A5DCC-12AD-4247-B450-3194AF879692}.Debug|x86.ActiveCfg = Debug|Win32
		{883A5DCC-12AD-4247-B450-3194AF879692}.Debug|x86.Build.0 = Debug|Win32
		{883A5DCC-12AD-4247-B450-3194AF879692}.Release|x64.ActiveCfg = Release|x64
		{883A5DCC-12AD-4247-B450-3194AF879692}.Release|x64.Build.0 = Release|x64
		{883A5DCC-12AD-4247-B450-3194AF879692}.Release|x86.ActiveCfg = Release|Win32
		{883A5DCC-12AD-4247-B450-3194AF879692}.Release|x86.Build.0 = Release|Win32
		{49A16451-2E81-43CB-91C2-CD7887604AD6}.Debug|x64.ActiveCfg = Debug|x64
		{49A16451-2E81-43CB-91C2-CD7887604AD6}.Debug|x64.Build.0 = Debug|x64
		{49A16451-2E81-43CB-91C2-CD7887604AD6}.Debug|x86.ActiveCfg = Debug|Win32
		{49A16451-2E81-43CB-91C2-CD7887604AD6}.Debug|x86.Build.0 = Debug|Win32
		{49A16451-2E81-43CB-91C2-CD7887604AD6}.Release|x64.ActiveCfg = Release|x64
		{49A16451-2E81-43CB-91C2-CD7887604AD6}.Release|x64.Build.0 = Release|x64
		{49A16451-2E81-43CB-91C2-CD7887604AD6}.Release|x86.ActiveCfg = Release|Win32
		{49A16451-2E81-43CB-91C2-CD7887604AD6}.Release|x86.Build.0 = Release|Win32
		{EB8CE78F-0CA0-4705-A115-4DE9FF82F4A0}.Debug|x64.ActiveCfg = Debug|x64
		{EB8CE78F-0CA0-4705-A115-4DE9FF82F4A0}.Debug|x64.Build.0 = Debug|x64
		{EB8CE78F-0CA0-4705-A115-4DE9FF82F4A0}.Debug|x86.ActiveCfg = Debug|Win32
		{EB8CE78F-0CA0-4705-A115-4DE9FF82F4A0}.Debug|x86.Build.0 = Debug|Win32
		{EB8CE78F-0CA0-4705-A115-4DE9FF82F4A0}.Release|x64.ActiveCfg = Release|x64
		{EB8CE78F-0CA0-4705-A115-4DE9FF82F4A0}.Release|x64.Build.0 = Release|x64
		{EB8CE78F-0CA0-4705-A115-4DE9FF82F4A0}.Release|x86.ActiveCfg = Release|Win32
		{EB8CE78F-0CA0-4705-A115-4DE9FF82F4A0}.Release|x86.Build.0 = Release|Win32
		{1CE2F461-0AD5-4C3C-8274-5A15C3E6564D}.Debug|x64.ActiveCfg = Debug|x64
		{1CE2F461-0AD5-4C3C-8274-5A15C3E6564D}.Debug|x64.Build.0 = Debug|x64
		{1CE2F461-0AD5-4C3C-8274-5A15C3E6564D}.Debug|x86.ActiveCfg = Debug|Win32
		{1CE2F461-0AD5-4C3C-8274-5A15C3E6564D}.Debug|x86.Build.0 = Debug|Win32
		{1CE2F461-0AD5-4C3C-8274-5A15C3E6564D}.Release|x64.ActiveCfg = Release|x64
		{1CE2F461-0AD5-4C3C-8274-5A15C3E6564D}.Release|x64.Build.0 = Release|x64
		{1CE2F461-0AD5-4C3C-8274-5A15C3E6564D}.Release|x86.ActiveCfg = Release|Win32
		{1CE2F461-0AD5-4C3C-8274-5A15C3E6564D}.Release|x86.Build.0 = Release|Win32
		{A363B25B-64DB-467B-B1BD-726D693790AA}.Debug|x64.ActiveCfg = Debug|x64
		{A363B25B-64DB-467B-B1BD-726D693790AA}.Debug|x64.Build.0 = Debug|x64
		{A363B25B-64DB-467B-B1BD-726D693790AA}.Debug|x86.ActiveCfg = Debug|Win32
		{A363B25B-64DB-467B-B1BD-726D693790AA}.Debug|x86.Build.0 = Debug|Win32
		{A363B25B-64DB-467B-B1BD-726D693790AA}.Release|x64.ActiveCfg = Release|x64
		{A363B25B-64DB-467B-B1BD-726D693790AA}.Release|x64.Build.0 = Release|x64
		{A363B25B-64DB-467B-B1BD-726D693790AA}.Release|x86.ActiveCfg = Release|Win32
		{A363B25B-64DB-467B-B1BD-726D693790AA}.Release|x86.Build.0 = Release|Win32
		{6F4D54D4-C71C-4826-A3EF-6386C0668258}.Debug|x64.ActiveCfg = Debug|x64
		{6F4D54D4-C71C-4826-A3EF-6386C0668258}.Debug|x64.Build.0 = Debug|x64
		{6F4D54D4-C71C-4826-A3EF-6386C0668258}.Debug|x86.ActiveCfg = Debug|Win32
		{6F4D54D4-C71C-4826-A3EF-6386C0668258}.Debug|x86.Build.0 = Debug|Win32
		{6F4D54D4-C71C-4826-A3EF-6386C0668258}.Release|x64.ActiveCfg = Release|x64
		{6F4D54D4-C71C-4826-A3EF-6386C0668258}.Release|x64.Build.0 = Release|x64
		{6F4D54D4-C71C-4826-A3EF-6386C0668258}.Release|x86.ActiveCfg = Release|Win32
		{6F4D54D4-C71C-4826-A3EF-6386C0668258}.Release|x86.Build.0 = Release|Win32
	EndGlobalSection
	GlobalSection(SolutionProperties) = preSolution
		HideSolutionNode = FALSE
	EndGlobalSection
	GlobalSection(ExtensibilityGlobals) = postSolution
		SolutionGuid = {DCE7395E-27F5-4756-9A79-5BF5AA221BAB}
	EndGlobalSection
EndGlobal
